
Microsoft Visual Studio Solution File, Format Version 12.00
# Visual Studio Version 16
VisualStudioVersion = 16.0.30804.86
MinimumVisualStudioVersion = 10.0.40219.1
Project("{9A19103F-16F7-4668-BE54-9A1E7A4F7556}") = "Projects", "Projects.csproj", "{BAE92893-E437-42FA-AE3A-A8C148146FC5}"
EndProject
Project("{2150E333-8FDC-42A3-9474-1A3956D46DE8}") = "TableCreation", "TableCreation", "{B8E3D451-4754-48DD-AF9F-6559AB8E3EA3}"
	ProjectSection(SolutionItems) = preProject
		EventTable.sql = EventTable.sql
	EndProjectSection
EndProject
Global
	GlobalSection(SolutionConfigurationPlatforms) = preSolution
		Debug|Any CPU = Debug|Any CPU
		Release|Any CPU = Release|Any CPU
	EndGlobalSection
	GlobalSection(ProjectConfigurationPlatforms) = postSolution
		{BAE92893-E437-42FA-AE3A-A8C148146FC5}.Debug|Any CPU.ActiveCfg = Debug|Any CPU
		{BAE92893-E437-42FA-AE3A-A8C148146FC5}.Debug|Any CPU.Build.0 = Debug|Any CPU
		{BAE92893-E437-42FA-AE3A-A8C148146FC5}.Release|Any CPU.ActiveCfg = Release|Any CPU
		{BAE92893-E437-42FA-AE3A-A8C148146FC5}.Release|Any CPU.Build.0 = Release|Any CPU
	EndGlobalSection
	GlobalSection(SolutionProperties) = preSolution
		HideSolutionNode = FALSE
	EndGlobalSection
	GlobalSection(ExtensibilityGlobals) = postSolution
		SolutionGuid = {8D34E940-D3A3-45BB-BD3B-B932F657747C}
	EndGlobalSection
EndGlobal
